# THIS IS AN AUTOGENERATED FILE. DO NOT EDIT THIS FILE DIRECTLY.
# yarn lockfile v1


bootstrap-select@^1.13.5:
  version "1.13.5"
  resolved "https://registry.yarnpkg.com/bootstrap-select/-/bootstrap-select-1.13.5.tgz#12f000b25a95ed642fe371ae9e311d3afbb8c53f"
  integrity sha512-1uYsYLB4FvGdwM6qzIfTxp6sP5gDqjPgWNHJztBfYUTIo1GUYG5zzmMVWiJvdxJlsvBXZ9AObmeZdzi0eg2jaA==

bootstrap4-toggle@^3.4.0:
  version "3.4.0"
  resolved "https://registry.yarnpkg.com/bootstrap4-toggle/-/bootstrap4-toggle-3.4.0.tgz#58264d4c7fd24eb2e09cca5156a338b2b22a4792"
  integrity sha512-vKfBgsjICW6mOqb264qwwbbGtpcOx+p9jOlQmLfRZ07iGE+b5YbQlY4ft9aAhPulh7V3oKOtEuuq0FcSKAI4bQ==
